
Microsoft Visual Studio Solution File, Format Version 12.00
# Visual Studio Version 16
VisualStudioVersion = 16.0.29519.87
MinimumVisualStudioVersion = 10.0.40219.1
Project("{FAE04EC0-301F-11D3-BF4B-00C04F79EFBC}") = "Skills", "Skills\Skills.csproj", "{CF8D660D-C1A7-41D0-9187-BF764485926A}"
EndProject
Global
	GlobalSection(SolutionConfigurationPlatforms) = preSolution
		Debug|Any CPU = Debug|Any CPU
		Release|Any CPU = Release|Any CPU
	EndGlobalSection
	GlobalSection(ProjectConfigurationPlatforms) = postSolution
		{CF8D660D-C1A7-41D0-9187-BF764485926A}.Debug|Any CPU.ActiveCfg = Debug|Any CPU
		{CF8D660D-C1A7-41D0-9187-BF764485926A}.Debug|Any CPU.Build.0 = Debug|Any CPU
		{CF8D660D-C1A7-41D0-9187-BF764485926A}.Release|Any CPU.ActiveCfg = Release|Any CPU
		{CF8D660D-C1A7-41D0-9187-BF764485926A}.Release|Any CPU.Build.0 = Release|Any CPU
	EndGlobalSection
	GlobalSection(SolutionProperties) = preSolution
		HideSolutionNode = FALSE
	EndGlobalSection
	GlobalSection(ExtensibilityGlobals) = postSolution
		SolutionGuid = {B21BD202-0668-4041-A676-C42B7C0579EC}
	EndGlobalSection
EndGlobal
