
Microsoft Visual Studio Solution File, Format Version 12.00
# Visual Studio Version 16
VisualStudioVersion = 16.0.29519.87
MinimumVisualStudioVersion = 10.0.40219.1
Project("{FAE04EC0-301F-11D3-BF4B-00C04F79EFBC}") = "Project C", "Project C\Project C.csproj", "{7DDCD058-397C-4385-B085-F09AA1E28830}"
EndProject
Global
	GlobalSection(SolutionConfigurationPlatforms) = preSolution
		Debug|Any CPU = Debug|Any CPU
		Debug|x64 = Debug|x64
		Release MAC|Any CPU = Release MAC|Any CPU
		Release MAC|x64 = Release MAC|x64
		Release|Any CPU = Release|Any CPU
		Release|x64 = Release|x64
	EndGlobalSection
	GlobalSection(ProjectConfigurationPlatforms) = postSolution
		{7DDCD058-397C-4385-B085-F09AA1E28830}.Debug|Any CPU.ActiveCfg = Debug|Any CPU
		{7DDCD058-397C-4385-B085-F09AA1E28830}.Debug|Any CPU.Build.0 = Debug|Any CPU
		{7DDCD058-397C-4385-B085-F09AA1E28830}.Debug|x64.ActiveCfg = Debug|x64
		{7DDCD058-397C-4385-B085-F09AA1E28830}.Debug|x64.Build.0 = Debug|x64
		{7DDCD058-397C-4385-B085-F09AA1E28830}.Release MAC|Any CPU.ActiveCfg = Release|Any CPU
		{7DDCD058-397C-4385-B085-F09AA1E28830}.Release MAC|Any CPU.Build.0 = Release|Any CPU
		{7DDCD058-397C-4385-B085-F09AA1E28830}.Release MAC|x64.ActiveCfg = Release|x64
		{7DDCD058-397C-4385-B085-F09AA1E28830}.Release MAC|x64.Build.0 = Release|x64
		{7DDCD058-397C-4385-B085-F09AA1E28830}.Release|Any CPU.ActiveCfg = Release|Any CPU
		{7DDCD058-397C-4385-B085-F09AA1E28830}.Release|Any CPU.Build.0 = Release|Any CPU
		{7DDCD058-397C-4385-B085-F09AA1E28830}.Release|x64.ActiveCfg = Release|x64
		{7DDCD058-397C-4385-B085-F09AA1E28830}.Release|x64.Build.0 = Release|x64
	EndGlobalSection
	GlobalSection(SolutionProperties) = preSolution
		HideSolutionNode = FALSE
	EndGlobalSection
	GlobalSection(ExtensibilityGlobals) = postSolution
		SolutionGuid = {96D50D88-9D2F-4C19-8765-3DC127865BE1}
	EndGlobalSection
EndGlobal
