
Microsoft Visual Studio Solution File, Format Version 12.00
# Visual Studio Version 16
VisualStudioVersion = 16.0.29519.87
MinimumVisualStudioVersion = 10.0.40219.1
Project("{FAE04EC0-301F-11D3-BF4B-00C04F79EFBC}") = "Adicionar BG", "Adicionar BG\Adicionar BG.csproj", "{52B566BC-E01F-41A9-BB19-5914FA8BE348}"
EndProject
Global
	GlobalSection(SolutionConfigurationPlatforms) = preSolution
		Debug|Any CPU = Debug|Any CPU
		Release|Any CPU = Release|Any CPU
	EndGlobalSection
	GlobalSection(ProjectConfigurationPlatforms) = postSolution
		{52B566BC-E01F-41A9-BB19-5914FA8BE348}.Debug|Any CPU.ActiveCfg = Debug|Any CPU
		{52B566BC-E01F-41A9-BB19-5914FA8BE348}.Debug|Any CPU.Build.0 = Debug|Any CPU
		{52B566BC-E01F-41A9-BB19-5914FA8BE348}.Release|Any CPU.ActiveCfg = Release|Any CPU
		{52B566BC-E01F-41A9-BB19-5914FA8BE348}.Release|Any CPU.Build.0 = Release|Any CPU
	EndGlobalSection
	GlobalSection(SolutionProperties) = preSolution
		HideSolutionNode = FALSE
	EndGlobalSection
	GlobalSection(ExtensibilityGlobals) = postSolution
		SolutionGuid = {D67B7E4A-F25E-43C7-8601-367335BA5653}
	EndGlobalSection
EndGlobal
